PODS:
  - Alamofire (4.9.1)
  - AlamofireObjectMapper (5.1.0):
    - Alamofire (~> 4.7)
    - ObjectMapper (~> 3.4)
  - Kingfisher (5.14.1):
    - Kingfisher/Core (= 5.14.1)
  - Kingfisher/Core (5.14.1)
  - ObjectMapper (3.5.3)
  - RxAlamofire (5.1.0):
    - RxAlamofire/Core (= 5.1.0)
  - RxAlamofire/Core (5.1.0):
    - Alamofire (~> 4.8)
    - RxSwift (~> 5.0)
  - RxCocoa (5.1.1):
    - RxRelay (~> 5)
    - RxSwift (~> 5)
  - RxRelay (5.1.1):
    - RxSwift (~> 5)
  - RxSwift (5.1.1)
  - SwiftyJSON (5.0.0)
  - VACalendar (1.3)

DEPENDENCIES:
  - Alamofire
  - AlamofireObjectMapper (from `https://github.com/RomanPodymov/AlamofireObjectMapper.git`, branch `xcode-10-2-fix`)
  - Kingfisher
  - ObjectMapper
  - RxAlamofire
  - RxCocoa
  - RxSwift
  - SwiftyJSON
  - VACalendar

SPEC REPOS:
  trunk:
    - Alamofire
    - Kingfisher
    - ObjectMapper
    - RxAlamofire
    - RxCocoa
    - RxRelay
    - RxSwift
    - SwiftyJSON
    - VACalendar

EXTERNAL SOURCES:
  AlamofireObjectMapper:
    :branch: xcode-10-2-fix
    :git: https://github.com/RomanPodymov/AlamofireObjectMapper.git

CHECKOUT OPTIONS:
  AlamofireObjectMapper:
    :commit: 0cbb1f954b9432124c30955514e0219c2d8e5a33
    :git: https://github.com/RomanPodymov/AlamofireObjectMapper.git

SPEC CHECKSUMS:
  Alamofire: 85e8a02c69d6020a0d734f6054870d7ecb75cf18
  AlamofireObjectMapper: 9fec33dcec52497a2a32678cd3a7b597b5a32514
  Kingfisher: 8050bc6f7f68cbf3908bd04df7ccbac188f6d6d6
  ObjectMapper: 97111c97e054a6ee25917662106689f0b4127b37
  RxAlamofire: a2d7621de4c23a0c6e7b476b504acc32838ee341
  RxCocoa: 32065309a38d29b5b0db858819b5bf9ef038b601
  RxRelay: d77f7d771495f43c556cbc43eebd1bb54d01e8e9
  RxSwift: 81470a2074fa8780320ea5fe4102807cb7118178
  SwiftyJSON: 36413e04c44ee145039d332b4f4e2d3e8d6c4db7
  VACalendar: 3e5a001cbf437ebed2bcfc747f3187e555d65175

PODFILE CHECKSUM: e83d99fb8a2a681da5115750efafbbce70bf3168

COCOAPODS: 1.9.3
