// !$*UTF8*$!
{
	archiveVersion = 1;
	classes = {
	};
	objectVersion = 50;
	objects = {

/* Begin PBXBuildFile section */
		0402CC1AC6912A696F38F139 /* libPods-NewsApp.a in Frameworks */ = {isa = PBXBuildFile; fileRef = 435D2824AF6348EDB75FBCE7 /* libPods-NewsApp.a */; };
		EA66918124B213060085210A /* AppDelegate.swift in Sources */ = {isa = PBXBuildFile; fileRef = EA66918024B213060085210A /* AppDelegate.swift */; };
		EA66918324B213060085210A /* SceneDelegate.swift in Sources */ = {isa = PBXBuildFile; fileRef = EA66918224B213060085210A /* SceneDelegate.swift */; };
		EA66918524B213060085210A /* HomeViewController.swift in Sources */ = {isa = PBXBuildFile; fileRef = EA66918424B213060085210A /* HomeViewController.swift */; };
		EA66918824B213060085210A /* Main.storyboard in Resources */ = {isa = PBXBuildFile; fileRef = EA66918624B213060085210A /* Main.storyboard */; };
		EA66918A24B213080085210A /* Assets.xcassets in Resources */ = {isa = PBXBuildFile; fileRef = EA66918924B213080085210A /* Assets.xcassets */; };
		EA66918D24B213080085210A /* LaunchScreen.storyboard in Resources */ = {isa = PBXBuildFile; fileRef = EA66918B24B213080085210A /* LaunchScreen.storyboard */; };
		EA8C418224B2293100BE2684 /* HomeModel.swift in Sources */ = {isa = PBXBuildFile; fileRef = EA8C418124B2293100BE2684 /* HomeModel.swift */; };
		EA8C418424B2297E00BE2684 /* HomeApi.swift in Sources */ = {isa = PBXBuildFile; fileRef = EA8C418324B2297E00BE2684 /* HomeApi.swift */; };
		EA8C418624B22C0E00BE2684 /* MenuApi.swift in Sources */ = {isa = PBXBuildFile; fileRef = EA8C418524B22C0E00BE2684 /* MenuApi.swift */; };
		EA8C418924B22CA400BE2684 /* AppUrls.swift in Sources */ = {isa = PBXBuildFile; fileRef = EA8C418824B22CA400BE2684 /* AppUrls.swift */; };
		EA8C418B24B22D4D00BE2684 /* MenuModel.swift in Sources */ = {isa = PBXBuildFile; fileRef = EA8C418A24B22D4D00BE2684 /* MenuModel.swift */; };
		EA8C418D24B22DB300BE2684 /* HomeRepoService.swift in Sources */ = {isa = PBXBuildFile; fileRef = EA8C418C24B22DB300BE2684 /* HomeRepoService.swift */; };
/* End PBXBuildFile section */

/* Begin PBXFileReference section */
		424E310FE1E4428EA6AD36C6 /* Pods-NewsApp.release.xcconfig */ = {isa = PBXFileReference; includeInIndex = 1; lastKnownFileType = text.xcconfig; name = "Pods-NewsApp.release.xcconfig"; path = "Target Support Files/Pods-NewsApp/Pods-NewsApp.release.xcconfig"; sourceTree = "<group>"; };
		435D2824AF6348EDB75FBCE7 /* libPods-NewsApp.a */ = {isa = PBXFileReference; explicitFileType = archive.ar; includeInIndex = 0; path = "libPods-NewsApp.a"; sourceTree = BUILT_PRODUCTS_DIR; };
		CCCB5F827C150A7AD10A4A38 /* Pods-NewsApp.debug.xcconfig */ = {isa = PBXFileReference; includeInIndex = 1; lastKnownFileType = text.xcconfig; name = "Pods-NewsApp.debug.xcconfig"; path = "Target Support Files/Pods-NewsApp/Pods-NewsApp.debug.xcconfig"; sourceTree = "<group>"; };
		EA66917D24B213060085210A /* NewsApp.app */ = {isa = PBXFileReference; explicitFileType = wrapper.application; includeInIndex = 0; path = NewsApp.app; sourceTree = BUILT_PRODUCTS_DIR; };
		EA66918024B213060085210A /* AppDelegate.swift */ = {isa = PBXFileReference; lastKnownFileType = sourcecode.swift; path = AppDelegate.swift; sourceTree = "<group>"; };
		EA66918224B213060085210A /* SceneDelegate.swift */ = {isa = PBXFileReference; lastKnownFileType = sourcecode.swift; path = SceneDelegate.swift; sourceTree = "<group>"; };
		EA66918424B213060085210A /* HomeViewController.swift */ = {isa = PBXFileReference; lastKnownFileType = sourcecode.swift; path = HomeViewController.swift; sourceTree = "<group>"; };
		EA66918724B213060085210A /* Base */ = {isa = PBXFileReference; lastKnownFileType = file.storyboard; name = Base; path = Base.lproj/Main.storyboard; sourceTree = "<group>"; };
		EA66918924B213080085210A /* Assets.xcassets */ = {isa = PBXFileReference; lastKnownFileType = folder.assetcatalog; path = Assets.xcassets; sourceTree = "<group>"; };
		EA66918C24B213080085210A /* Base */ = {isa = PBXFileReference; lastKnownFileType = file.storyboard; name = Base; path = Base.lproj/LaunchScreen.storyboard; sourceTree = "<group>"; };
		EA66918E24B213080085210A /* Info.plist */ = {isa = PBXFileReference; lastKnownFileType = text.plist.xml; path = Info.plist; sourceTree = "<group>"; };
		EA8C418124B2293100BE2684 /* HomeModel.swift */ = {isa = PBXFileReference; lastKnownFileType = sourcecode.swift; path = HomeModel.swift; sourceTree = "<group>"; };
		EA8C418324B2297E00BE2684 /* HomeApi.swift */ = {isa = PBXFileReference; lastKnownFileType = sourcecode.swift; path = HomeApi.swift; sourceTree = "<group>"; };
		EA8C418524B22C0E00BE2684 /* MenuApi.swift */ = {isa = PBXFileReference; lastKnownFileType = sourcecode.swift; path = MenuApi.swift; sourceTree = "<group>"; };
		EA8C418824B22CA400BE2684 /* AppUrls.swift */ = {isa = PBXFileReference; lastKnownFileType = sourcecode.swift; path = AppUrls.swift; sourceTree = "<group>"; };
		EA8C418A24B22D4D00BE2684 /* MenuModel.swift */ = {isa = PBXFileReference; lastKnownFileType = sourcecode.swift; path = MenuModel.swift; sourceTree = "<group>"; };
		EA8C418C24B22DB300BE2684 /* HomeRepoService.swift */ = {isa = PBXFileReference; lastKnownFileType = sourcecode.swift; path = HomeRepoService.swift; sourceTree = "<group>"; };
/* End PBXFileReference section */

/* Begin PBXFrameworksBuildPhase section */
		EA66917A24B213060085210A /* Frameworks */ = {
			isa = PBXFrameworksBuildPhase;
			buildActionMask = 2147483647;
			files = (
				0402CC1AC6912A696F38F139 /* libPods-NewsApp.a in Frameworks */,
			);
			runOnlyForDeploymentPostprocessing = 0;
		};
/* End PBXFrameworksBuildPhase section */

/* Begin PBXGroup section */
		07ED9CA7436298DAB2409AA4 /* Pods */ = {
			isa = PBXGroup;
			children = (
				CCCB5F827C150A7AD10A4A38 /* Pods-NewsApp.debug.xcconfig */,
				424E310FE1E4428EA6AD36C6 /* Pods-NewsApp.release.xcconfig */,
			);
			path = Pods;
			sourceTree = "<group>";
		};
		A1ACF35346910F8C57BE7666 /* Frameworks */ = {
			isa = PBXGroup;
			children = (
				435D2824AF6348EDB75FBCE7 /* libPods-NewsApp.a */,
			);
			name = Frameworks;
			sourceTree = "<group>";
		};
		EA66917424B213060085210A = {
			isa = PBXGroup;
			children = (
				EA66917F24B213060085210A /* NewsApp */,
				EA66917E24B213060085210A /* Products */,
				07ED9CA7436298DAB2409AA4 /* Pods */,
				A1ACF35346910F8C57BE7666 /* Frameworks */,
			);
			sourceTree = "<group>";
		};
		EA66917E24B213060085210A /* Products */ = {
			isa = PBXGroup;
			children = (
				EA66917D24B213060085210A /* NewsApp.app */,
			);
			name = Products;
			sourceTree = "<group>";
		};
		EA66917F24B213060085210A /* NewsApp */ = {
			isa = PBXGroup;
			children = (
				EA8C418724B22C9100BE2684 /* Constants */,
				EA8C418024B2288D00BE2684 /* Extensions */,
				EA8C417F24B2287F00BE2684 /* CustomControls */,
				EA8C417E24B2286900BE2684 /* Localization */,
				EA8C417D24B2282800BE2684 /* Repositories */,
				EA8C417C24B2281F00BE2684 /* Services */,
				EA8C417B24B2281100BE2684 /* Transitionals */,
				EA8C417A24B2280900BE2684 /* Models */,
				EA8C417924B2275D00BE2684 /* Controllers */,
				EA8C417824B2275200BE2684 /* Views */,
				EA8C417724B2192B00BE2684 /* Bases */,
				EA66918924B213080085210A /* Assets.xcassets */,
				EA66918E24B213080085210A /* Info.plist */,
			);
			path = NewsApp;
			sourceTree = "<group>";
		};
		EA8C417724B2192B00BE2684 /* Bases */ = {
			isa = PBXGroup;
			children = (
				EA66918024B213060085210A /* AppDelegate.swift */,
				EA66918224B213060085210A /* SceneDelegate.swift */,
			);
			path = Bases;
			sourceTree = "<group>";
		};
		EA8C417824B2275200BE2684 /* Views */ = {
			isa = PBXGroup;
			children = (
				EA66918624B213060085210A /* Main.storyboard */,
				EA66918B24B213080085210A /* LaunchScreen.storyboard */,
			);
			path = Views;
			sourceTree = "<group>";
		};
		EA8C417924B2275D00BE2684 /* Controllers */ = {
			isa = PBXGroup;
			children = (
				EA66918424B213060085210A /* HomeViewController.swift */,
			);
			path = Controllers;
			sourceTree = "<group>";
		};
		EA8C417A24B2280900BE2684 /* Models */ = {
			isa = PBXGroup;
			children = (
				EA8C418124B2293100BE2684 /* HomeModel.swift */,
				EA8C418A24B22D4D00BE2684 /* MenuModel.swift */,
			);
			path = Models;
			sourceTree = "<group>";
		};
		EA8C417B24B2281100BE2684 /* Transitionals */ = {
			isa = PBXGroup;
			children = (
				EA8C418324B2297E00BE2684 /* HomeApi.swift */,
				EA8C418524B22C0E00BE2684 /* MenuApi.swift */,
			);
			path = Transitionals;
			sourceTree = "<group>";
		};
		EA8C417C24B2281F00BE2684 /* Services */ = {
			isa = PBXGroup;
			children = (
			);
			path = Services;
			sourceTree = "<group>";
		};
		EA8C417D24B2282800BE2684 /* Repositories */ = {
			isa = PBXGroup;
			children = (
				EA8C418C24B22DB300BE2684 /* HomeRepoService.swift */,
			);
			path = Repositories;
			sourceTree = "<group>";
		};
		EA8C417E24B2286900BE2684 /* Localization */ = {
			isa = PBXGroup;
			children = (
			);
			path = Localization;
			sourceTree = "<group>";
		};
		EA8C417F24B2287F00BE2684 /* CustomControls */ = {
			isa = PBXGroup;
			children = (
			);
			path = CustomControls;
			sourceTree = "<group>";
		};
		EA8C418024B2288D00BE2684 /* Extensions */ = {
			isa = PBXGroup;
			children = (
			);
			path = Extensions;
			sourceTree = "<group>";
		};
		EA8C418724B22C9100BE2684 /* Constants */ = {
			isa = PBXGroup;
			children = (
				EA8C418824B22CA400BE2684 /* AppUrls.swift */,
			);
			path = Constants;
			sourceTree = "<group>";
		};
/* End PBXGroup section */

/* Begin PBXNativeTarget section */
		EA66917C24B213060085210A /* NewsApp */ = {
			isa = PBXNativeTarget;
			buildConfigurationList = EA66919124B213080085210A /* Build configuration list for PBXNativeTarget "NewsApp" */;
			buildPhases = (
				2B03C3D702437E277148E0B9 /* [CP] Check Pods Manifest.lock */,
				EA66917924B213060085210A /* Sources */,
				EA66917A24B213060085210A /* Frameworks */,
				EA66917B24B213060085210A /* Resources */,
			);
			buildRules = (
			);
			dependencies = (
			);
			name = NewsApp;
			productName = NewsApp;
			productReference = EA66917D24B213060085210A /* NewsApp.app */;
			productType = "com.apple.product-type.application";
		};
/* End PBXNativeTarget section */

/* Begin PBXProject section */
		EA66917524B213060085210A /* Project object */ = {
			isa = PBXProject;
			attributes = {
				LastSwiftUpdateCheck = 1150;
				LastUpgradeCheck = 1150;
				ORGANIZATIONNAME = iHorizons;
				TargetAttributes = {
					EA66917C24B213060085210A = {
						CreatedOnToolsVersion = 11.5;
					};
				};
			};
			buildConfigurationList = EA66917824B213060085210A /* Build configuration list for PBXProject "NewsApp" */;
			compatibilityVersion = "Xcode 9.3";
			developmentRegion = en;
			hasScannedForEncodings = 0;
			knownRegions = (
				en,
				Base,
			);
			mainGroup = EA66917424B213060085210A;
			productRefGroup = EA66917E24B213060085210A /* Products */;
			projectDirPath = "";
			projectRoot = "";
			targets = (
				EA66917C24B213060085210A /* NewsApp */,
			);
		};
/* End PBXProject section */

/* Begin PBXResourcesBuildPhase section */
		EA66917B24B213060085210A /* Resources */ = {
			isa = PBXResourcesBuildPhase;
			buildActionMask = 2147483647;
			files = (
				EA66918D24B213080085210A /* LaunchScreen.storyboard in Resources */,
				EA66918A24B213080085210A /* Assets.xcassets in Resources */,
				EA66918824B213060085210A /* Main.storyboard in Resources */,
			);
			runOnlyForDeploymentPostprocessing = 0;
		};
/* End PBXResourcesBuildPhase section */

/* Begin PBXShellScriptBuildPhase section */
		2B03C3D702437E277148E0B9 /* [CP] Check Pods Manifest.lock */ = {
			isa = PBXShellScriptBuildPhase;
			buildActionMask = 2147483647;
			files = (
			);
			inputFileListPaths = (
			);
			inputPaths = (
				"${PODS_PODFILE_DIR_PATH}/Podfile.lock",
				"${PODS_ROOT}/Manifest.lock",
			);
			name = "[CP] Check Pods Manifest.lock";
			outputFileListPaths = (
			);
			outputPaths = (
				"$(DERIVED_FILE_DIR)/Pods-NewsApp-checkManifestLockResult.txt",
			);
			runOnlyForDeploymentPostprocessing = 0;
			shellPath = /bin/sh;
			shellScript = "diff \"${PODS_PODFILE_DIR_PATH}/Podfile.lock\" \"${PODS_ROOT}/Manifest.lock\" > /dev/null\nif [ $? != 0 ] ; then\n    # print error to STDERR\n    echo \"error: The sandbox is not in sync with the Podfile.lock. Run 'pod install' or update your CocoaPods installation.\" >&2\n    exit 1\nfi\n# This output is used by Xcode 'outputs' to avoid re-running this script phase.\necho \"SUCCESS\" > \"${SCRIPT_OUTPUT_FILE_0}\"\n";
			showEnvVarsInLog = 0;
		};
/* End PBXShellScriptBuildPhase section */

/* Begin PBXSourcesBuildPhase section */
		EA66917924B213060085210A /* Sources */ = {
			isa = PBXSourcesBuildPhase;
			buildActionMask = 2147483647;
			files = (
				EA8C418B24B22D4D00BE2684 /* MenuModel.swift in Sources */,
				EA8C418424B2297E00BE2684 /* HomeApi.swift in Sources */,
				EA8C418224B2293100BE2684 /* HomeModel.swift in Sources */,
				EA8C418D24B22DB300BE2684 /* HomeRepoService.swift in Sources */,
				EA66918524B213060085210A /* HomeViewController.swift in Sources */,
				EA66918124B213060085210A /* AppDelegate.swift in Sources */,
				EA8C418924B22CA400BE2684 /* AppUrls.swift in Sources */,
				EA66918324B213060085210A /* SceneDelegate.swift in Sources */,
				EA8C418624B22C0E00BE2684 /* MenuApi.swift in Sources */,
			);
			runOnlyForDeploymentPostprocessing = 0;
		};
/* End PBXSourcesBuildPhase section */

/* Begin PBXVariantGroup section */
		EA66918624B213060085210A /* Main.storyboard */ = {
			isa = PBXVariantGroup;
			children = (
				EA66918724B213060085210A /* Base */,
			);
			name = Main.storyboard;
			sourceTree = "<group>";
		};
		EA66918B24B213080085210A /* LaunchScreen.storyboard */ = {
			isa = PBXVariantGroup;
			children = (
				EA66918C24B213080085210A /* Base */,
			);
			name = LaunchScreen.storyboard;
			sourceTree = "<group>";
		};
/* End PBXVariantGroup section */

/* Begin XCBuildConfiguration section */
		EA66918F24B213080085210A /* Debug */ = {
			isa = XCBuildConfiguration;
			buildSettings = {
				ALWAYS_SEARCH_USER_PATHS = NO;
				CLANG_ANALYZER_NONNULL = YES;
				CLANG_ANALYZER_NUMBER_OBJECT_CONVERSION = YES_AGGRESSIVE;
				CLANG_CXX_LANGUAGE_STANDARD = "gnu++14";
				CLANG_CXX_LIBRARY = "libc++";
				CLANG_ENABLE_MODULES = YES;
				CLANG_ENABLE_OBJC_ARC = YES;
				CLANG_ENABLE_OBJC_WEAK = YES;
				CLANG_WARN_BLOCK_CAPTURE_AUTORELEASING = YES;
				CLANG_WARN_BOOL_CONVERSION = YES;
				CLANG_WARN_COMMA = YES;
				CLANG_WARN_CONSTANT_CONVERSION = YES;
				CLANG_WARN_DEPRECATED_OBJC_IMPLEMENTATIONS = YES;
				CLANG_WARN_DIRECT_OBJC_ISA_USAGE = YES_ERROR;
				CLANG_WARN_DOCUMENTATION_COMMENTS = YES;
				CLANG_WARN_EMPTY_BODY = YES;
				CLANG_WARN_ENUM_CONVERSION = YES;
				CLANG_WARN_INFINITE_RECURSION = YES;
				CLANG_WARN_INT_CONVERSION = YES;
				CLANG_WARN_NON_LITERAL_NULL_CONVERSION = YES;
				CLANG_WARN_OBJC_IMPLICIT_RETAIN_SELF = YES;
				CLANG_WARN_OBJC_LITERAL_CONVERSION = YES;
				CLANG_WARN_OBJC_ROOT_CLASS = YES_ERROR;
				CLANG_WARN_RANGE_LOOP_ANALYSIS = YES;
				CLANG_WARN_STRICT_PROTOTYPES = YES;
				CLANG_WARN_SUSPICIOUS_MOVE = YES;
				CLANG_WARN_UNGUARDED_AVAILABILITY = YES_AGGRESSIVE;
				CLANG_WARN_UNREACHABLE_CODE = YES;
				CLANG_WARN__DUPLICATE_METHOD_MATCH = YES;
				COPY_PHASE_STRIP = NO;
				DEBUG_INFORMATION_FORMAT = dwarf;
				ENABLE_STRICT_OBJC_MSGSEND = YES;
				ENABLE_TESTABILITY = YES;
				GCC_C_LANGUAGE_STANDARD = gnu11;
				GCC_DYNAMIC_NO_PIC = NO;
				GCC_NO_COMMON_BLOCKS = YES;
				GCC_OPTIMIZATION_LEVEL = 0;
				GCC_PREPROCESSOR_DEFINITIONS = (
					"DEBUG=1",
					"$(inherited)",
				);
				GCC_WARN_64_TO_32_BIT_CONVERSION = YES;
				GCC_WARN_ABOUT_RETURN_TYPE = YES_ERROR;
				GCC_WARN_UNDECLARED_SELECTOR = YES;
				GCC_WARN_UNINITIALIZED_AUTOS = YES_AGGRESSIVE;
				GCC_WARN_UNUSED_FUNCTION = YES;
				GCC_WARN_UNUSED_VARIABLE = YES;
				IPHONEOS_DEPLOYMENT_TARGET = 13.5;
				MTL_ENABLE_DEBUG_INFO = INCLUDE_SOURCE;
				MTL_FAST_MATH = YES;
				ONLY_ACTIVE_ARCH = YES;
				SDKROOT = iphoneos;
				SWIFT_ACTIVE_COMPILATION_CONDITIONS = DEBUG;
				SWIFT_OPTIMIZATION_LEVEL = "-Onone";
			};
			name = Debug;
		};
		EA66919024B213080085210A /* Release */ = {
			isa = XCBuildConfiguration;
			buildSettings = {
				ALWAYS_SEARCH_USER_PATHS = NO;
				CLANG_ANALYZER_NONNULL = YES;
				CLANG_ANALYZER_NUMBER_OBJECT_CONVERSION = YES_AGGRESSIVE;
				CLANG_CXX_LANGUAGE_STANDARD = "gnu++14";
				CLANG_CXX_LIBRARY = "libc++";
				CLANG_ENABLE_MODULES = YES;
				CLANG_ENABLE_OBJC_ARC = YES;
				CLANG_ENABLE_OBJC_WEAK = YES;
				CLANG_WARN_BLOCK_CAPTURE_AUTORELEASING = YES;
				CLANG_WARN_BOOL_CONVERSION = YES;
				CLANG_WARN_COMMA = YES;
				CLANG_WARN_CONSTANT_CONVERSION = YES;
				CLANG_WARN_DEPRECATED_OBJC_IMPLEMENTATIONS = YES;
				CLANG_WARN_DIRECT_OBJC_ISA_USAGE = YES_ERROR;
				CLANG_WARN_DOCUMENTATION_COMMENTS = YES;
				CLANG_WARN_EMPTY_BODY = YES;
				CLANG_WARN_ENUM_CONVERSION = YES;
				CLANG_WARN_INFINITE_RECURSION = YES;
				CLANG_WARN_INT_CONVERSION = YES;
				CLANG_WARN_NON_LITERAL_NULL_CONVERSION = YES;
				CLANG_WARN_OBJC_IMPLICIT_RETAIN_SELF = YES;
				CLANG_WARN_OBJC_LITERAL_CONVERSION = YES;
				CLANG_WARN_OBJC_ROOT_CLASS = YES_ERROR;
				CLANG_WARN_RANGE_LOOP_ANALYSIS = YES;
				CLANG_WARN_STRICT_PROTOTYPES = YES;
				CLANG_WARN_SUSPICIOUS_MOVE = YES;
				CLANG_WARN_UNGUARDED_AVAILABILITY = YES_AGGRESSIVE;
				CLANG_WARN_UNREACHABLE_CODE = YES;
				CLANG_WARN__DUPLICATE_METHOD_MATCH = YES;
				COPY_PHASE_STRIP = NO;
				DEBUG_INFORMATION_FORMAT = "dwarf-with-dsym";
				ENABLE_NS_ASSERTIONS = NO;
				ENABLE_STRICT_OBJC_MSGSEND = YES;
				GCC_C_LANGUAGE_STANDARD = gnu11;
				GCC_NO_COMMON_BLOCKS = YES;
				GCC_WARN_64_TO_32_BIT_CONVERSION = YES;
				GCC_WARN_ABOUT_RETURN_TYPE = YES_ERROR;
				GCC_WARN_UNDECLARED_SELECTOR = YES;
				GCC_WARN_UNINITIALIZED_AUTOS = YES_AGGRESSIVE;
				GCC_WARN_UNUSED_FUNCTION = YES;
				GCC_WARN_UNUSED_VARIABLE = YES;
				IPHONEOS_DEPLOYMENT_TARGET = 13.5;
				MTL_ENABLE_DEBUG_INFO = NO;
				MTL_FAST_MATH = YES;
				SDKROOT = iphoneos;
				SWIFT_COMPILATION_MODE = wholemodule;
				SWIFT_OPTIMIZATION_LEVEL = "-O";
				VALIDATE_PRODUCT = YES;
			};
			name = Release;
		};
		EA66919224B213080085210A /* Debug */ = {
			isa = XCBuildConfiguration;
			baseConfigurationReference = CCCB5F827C150A7AD10A4A38 /* Pods-NewsApp.debug.xcconfig */;
			buildSettings = {
				ASSETCATALOG_COMPILER_APPICON_NAME = AppIcon;
				CODE_SIGN_STYLE = Automatic;
				DEVELOPMENT_TEAM = 9LSNZHURVS;
				INFOPLIST_FILE = NewsApp/Info.plist;
				LD_RUNPATH_SEARCH_PATHS = (
					"$(inherited)",
					"@executable_path/Frameworks",
				);
				PRODUCT_BUNDLE_IDENTIFIER = com.abumandour.NewsApp;
				PRODUCT_NAME = "$(TARGET_NAME)";
				SWIFT_VERSION = 5.0;
				TARGETED_DEVICE_FAMILY = "1,2";
			};
			name = Debug;
		};
		EA66919324B213080085210A /* Release */ = {
			isa = XCBuildConfiguration;
			baseConfigurationReference = 424E310FE1E4428EA6AD36C6 /* Pods-NewsApp.release.xcconfig */;
			buildSettings = {
				ASSETCATALOG_COMPILER_APPICON_NAME = AppIcon;
				CODE_SIGN_STYLE = Automatic;
				DEVELOPMENT_TEAM = 9LSNZHURVS;
				INFOPLIST_FILE = NewsApp/Info.plist;
				LD_RUNPATH_SEARCH_PATHS = (
					"$(inherited)",
					"@executable_path/Frameworks",
				);
				PRODUCT_BUNDLE_IDENTIFIER = com.abumandour.NewsApp;
				PRODUCT_NAME = "$(TARGET_NAME)";
				SWIFT_VERSION = 5.0;
				TARGETED_DEVICE_FAMILY = "1,2";
			};
			name = Release;
		};
/* End XCBuildConfiguration section */

/* Begin XCConfigurationList section */
		EA66917824B213060085210A /* Build configuration list for PBXProject "NewsApp" */ = {
			isa = XCConfigurationList;
			buildConfigurations = (
				EA66918F24B213080085210A /* Debug */,
				EA66919024B213080085210A /* Release */,
			);
			defaultConfigurationIsVisible = 0;
			defaultConfigurationName = Release;
		};
		EA66919124B213080085210A /* Build configuration list for PBXNativeTarget "NewsApp" */ = {
			isa = XCConfigurationList;
			buildConfigurations = (
				EA66919224B213080085210A /* Debug */,
				EA66919324B213080085210A /* Release */,
			);
			defaultConfigurationIsVisible = 0;
			defaultConfigurationName = Release;
		};
/* End XCConfigurationList section */
	};
	rootObject = EA66917524B213060085210A /* Project object */;
}
